# This file was autogenerated by Stack.
# You should not edit this file by hand.
# For more information, please see the documentation at:
#   https://docs.haskellstack.org/en/stable/lock_files

packages:
- completed:
    hackage: HCL-1.8@sha256:39ec0da0cd6157f20c395e1b0df474df45efb0088afdaab20bb9dfb3662baf7c,1726
    pantry-tree:
      size: 1223
      sha256: 5c93c5184dc378de5ecf235aa1a60dc24163ab7e0efad19c8f3bbc94354cf2b8
  original:
    hackage: HCL-1.8@sha256:39ec0da0cd6157f20c395e1b0df474df45efb0088afdaab20bb9dfb3662baf7c,1726
snapshots:
- completed:
    size: 567241
    url: https://raw.githubusercontent.com/commercialhaskell/stackage-snapshots/master/lts/17/10.yaml
    sha256: 321b3b9f0c7f76994b39e0dabafdc76478274b4ff74cc5e43d410897a335ad3b
  original: lts-17.10
